{
  "name": "async-test",
  "version": "1.0.0",
  "lockfileVersion": 1,
  "dependencies": {
    "stack-chain": {
      "version": "1.3.7",
      "resolved": "https://registry.npmjs.org/stack-chain/-/stack-chain-1.3.7.tgz",
      "integrity": "sha1-0ZLJ/06moiyUxN1FkXHj8AzqEoU="
    },
    "trace": {
      "version": "3.0.0",
      "resolved": "https://registry.npmjs.org/trace/-/trace-3.0.0.tgz",
      "integrity": "sha512-Y/OvRw6bkdw71vArBiPY0IdVmDPiKd4m0BOIWgSW0CwDdSL6hc6w4StIA8PiqJ7q1itLXmIkINzCQ7MKwiUzsg=="
    }
  }
}
